
Microsoft Visual Studio Solution File, Format Version 12.00
# Visual Studio 15
VisualStudioVersion = 15.0.27703.2035
MinimumVisualStudioVersion = 10.0.40219.1
Project("{FAE04EC0-301F-11D3-BF4B-00C04F79EFBC}") = "MapEditorP2D", "MapEditorP2D\MapEditorP2D.csproj", "{F2011E64-E1ED-4385-A021-F48F10488B0B}"
EndProject
Global
	GlobalSection(SolutionConfigurationPlatforms) = preSolution
		Debug|Any CPU = Debug|Any CPU
		Release|Any CPU = Release|Any CPU
	EndGlobalSection
	GlobalSection(ProjectConfigurationPlatforms) = postSolution
		{F2011E64-E1ED-4385-A021-F48F10488B0B}.Debug|Any CPU.ActiveCfg = Debug|Any CPU
		{F2011E64-E1ED-4385-A021-F48F10488B0B}.Debug|Any CPU.Build.0 = Debug|Any CPU
		{F2011E64-E1ED-4385-A021-F48F10488B0B}.Release|Any CPU.ActiveCfg = Release|Any CPU
		{F2011E64-E1ED-4385-A021-F48F10488B0B}.Release|Any CPU.Build.0 = Release|Any CPU
	EndGlobalSection
	GlobalSection(SolutionProperties) = preSolution
		HideSolutionNode = FALSE
	EndGlobalSection
	GlobalSection(ExtensibilityGlobals) = postSolution
		SolutionGuid = {4D085B94-B71B-4282-9C78-6C2D7ACC66D7}
	EndGlobalSection
EndGlobal
